
Microsoft Visual Studio Solution File, Format Version 12.00
# Visual Studio Version 17
VisualStudioVersion = 17.5.33516.290
MinimumVisualStudioVersion = 10.0.40219.1
Project("{FAE04EC0-301F-11D3-BF4B-00C04F79EFBC}") = "Entregable_Facturacion", "Entregable_Facturacion\Entregable_Facturacion.csproj", "{962564FA-A206-4986-B203-4EDC8FD31C13}"
EndProject
Global
	GlobalSection(SolutionConfigurationPlatforms) = preSolution
		Debug|Any CPU = Debug|Any CPU
		Release|Any CPU = Release|Any CPU
	EndGlobalSection
	GlobalSection(ProjectConfigurationPlatforms) = postSolution
		{962564FA-A206-4986-B203-4EDC8FD31C13}.Debug|Any CPU.ActiveCfg = Debug|Any CPU
		{962564FA-A206-4986-B203-4EDC8FD31C13}.Debug|Any CPU.Build.0 = Debug|Any CPU
		{962564FA-A206-4986-B203-4EDC8FD31C13}.Release|Any CPU.ActiveCfg = Release|Any CPU
		{962564FA-A206-4986-B203-4EDC8FD31C13}.Release|Any CPU.Build.0 = Release|Any CPU
	EndGlobalSection
	GlobalSection(SolutionProperties) = preSolution
		HideSolutionNode = FALSE
	EndGlobalSection
	GlobalSection(ExtensibilityGlobals) = postSolution
		SolutionGuid = {66CB076C-0BAB-4BA5-8DF1-1DADF535B72C}
	EndGlobalSection
EndGlobal
